lockfileVersion: '6.0'

settings:
  autoInstallPeers: true
  excludeLinksFromLockfile: false

dependencies:
  '@hookform/resolvers':
    specifier: ^5.2.2
    version: 5.2.2(react-hook-form@7.72.1)
  '@salesforce-ux/design-system':
    specifier: ^2.25.5
    version: 2.29.1(postcss@8.5.9)
  '@salesforce/design-system-react':
    specifier: ^0.10.64
    version: 0.10.65(@salesforce-ux/design-system@2.29.1)(react-dom@19.2.4)(react@19.2.4)
  react:
    specifier: 19.2.4
    version: 19.2.4
  react-dom:
    specifier: 19.2.4
    version: 19.2.4(react@19.2.4)
  react-hook-form:
    specifier: ^7.72.1
    version: 7.72.1(react@19.2.4)
  react-server-dom-esm:
    specifier: npm:@kentcdodds/tmp-react-server-dom-esm@^19.0.1
    version: /@kentcdodds/tmp-react-server-dom-esm@19.0.1(react-dom@19.2.4)(react@19.2.4)
  react-server-dom-webpack:
    specifier: 19.3.0-canary-5e9eedb5-20260312
    version: 19.3.0-canary-5e9eedb5-20260312(react-dom@19.2.4)(react@19.2.4)(webpack@5.106.1)
  zod:
    specifier: ^4.3.6
    version: 4.3.6

devDependencies:
  '@types/react':
    specifier: ^19.2.14
    version: 19.2.14
  '@types/react-dom':
    specifier: ^19.2.3
    version: 19.2.3(@types/react@19.2.14)

packages:

  /@hookform/resolvers@5.2.2(react-hook-form@7.72.1):
    resolution: {integrity: sha512-A/IxlMLShx3KjV/HeTcTfaMxdwy690+L/ZADoeaTltLx+CVuzkeVIPuybK3jrRfw7YZnmdKsVVHAlEPIAEUNlA==}
    peerDependencies:
      react-hook-form: ^7.55.0
    dependencies:
      '@standard-schema/utils': 0.3.0
      react-hook-form: 7.72.1(react@19.2.4)
    dev: false

  /@jridgewell/gen-mapping@0.3.13:
    resolution: {integrity: sha512-2kkt/7niJ6MgEPxF0bYdQ6etZaA+fQvDcLKckhy1yIQOzaoKjBBjSj63/aLVjYE3qhRt5dvM+uUyfCg6UKCBbA==}
    dependencies:
      '@jridgewell/sourcemap-codec': 1.5.5
      '@jridgewell/trace-mapping': 0.3.31
    dev: false

  /@jridgewell/resolve-uri@3.1.2:
    resolution: {integrity: sha512-bRISgCIjP20/tbWSPWMEi54QVPRZExkuD9lJL+UIxUKtwVJA8wW1Trb1jMs1RFXo1CBTNZ/5hpC9QvmKWdopKw==}
    engines: {node: '>=6.0.0'}
    dev: false

  /@jridgewell/source-map@0.3.11:
    resolution: {integrity: sha512-ZMp1V8ZFcPG5dIWnQLr3NSI1MiCU7UETdS/A0G8V/XWHvJv3ZsFqutJn1Y5RPmAPX6F3BiE397OqveU/9NCuIA==}
    dependencies:
      '@jridgewell/gen-mapping': 0.3.13
      '@jridgewell/trace-mapping': 0.3.31
    dev: false

  /@jridgewell/sourcemap-codec@1.5.5:
    resolution: {integrity: sha512-cYQ9310grqxueWbl+WuIUIaiUaDcj7WOq5fVhEljNVgRfOUhY9fy2zTvfoqWsnebh8Sl70VScFbICvJnLKB0Og==}
    dev: false

  /@jridgewell/trace-mapping@0.3.31:
    resolution: {integrity: sha512-zzNR+SdQSDJzc8joaeP8QQoCQr8NuYx2dIIytl1QeBEZHJ9uW6hebsrYgbz8hJwUQao3TWCMtmfV8Nu1twOLAw==}
    dependencies:
      '@jridgewell/resolve-uri': 3.1.2
      '@jridgewell/sourcemap-codec': 1.5.5
    dev: false

  /@kentcdodds/tmp-react-server-dom-esm@19.0.1(react-dom@19.2.4)(react@19.2.4):
    resolution: {integrity: sha512-yg59PoC5BuF71Kx8kTH0qMt30dKG/uz2Gkn5U6OTKw+S3yVnY50Djf4z772cbLSZxAP/tdIh6r5rUWRxlVdRoQ==}
    engines: {node: '>=0.10.0'}
    peerDependencies:
      react: ^19.0.0
      react-dom: ^19.0.0
    dependencies:
      acorn-loose: 8.5.2
      react: 19.2.4
      react-dom: 19.2.4(react@19.2.4)
    dev: false

  /@salesforce-ux/design-system@2.29.1(postcss@8.5.9):
    resolution: {integrity: sha512-J5bXZoYH2ZUdjkI/7ppWE7ujG72KOc//Psm1ye3ttd21kEaXxSi7dRIdob/O0z1524bjdILZsEY/ucirU7F1AQ==}
    peerDependencies:
      postcss: ^8.3.5
    dependencies:
      postcss: 8.5.9
    dev: false

  /@salesforce/babel-preset-design-system-react@3.0.0:
    resolution: {integrity: sha512-NM3aObtfYl9RpfVu5eDU96fmTW7Mj2V1Y1O5b8dpLGESgXxqHiGIV7d4bKHzmD8O00g1qjPAPusd0f2IB7Yi0Q==}
    dev: false

  /@salesforce/design-system-react@0.10.65(@salesforce-ux/design-system@2.29.1)(react-dom@19.2.4)(react@19.2.4):
    resolution: {integrity: sha512-b+NEGQDxeIsPkOigDdjdkOlztBwUxvXtsGbfca2rbBCuluWZu82puXDehKTaGkzWsQfoOmX4/e9UUPtLlBiIrg==}
    peerDependencies:
      '@salesforce-ux/design-system': 2.25.0-alpha.2
      react: '>=16.8'
      react-dom: '>=16.8'
    dependencies:
      '@salesforce-ux/design-system': 2.29.1(postcss@8.5.9)
      '@salesforce/babel-preset-design-system-react': 3.0.0
      classnames: 2.5.1
      column-resizer: 1.4.0
      create-react-class: 15.7.0
      lodash.assign: 4.2.0
      lodash.escaperegexp: 4.1.2
      lodash.find: 4.6.0
      lodash.findindex: 4.6.0
      lodash.isdate: 4.0.1
      lodash.isequal: 4.5.0
      lodash.isfunction: 3.0.9
      lodash.reject: 4.6.0
      memoize-one: 6.0.0
      nanoid: 5.1.7
      popper.js: 1.16.1
      prop-types: 15.8.1
      react: 19.2.4
      react-contenteditable: 3.3.7(react@19.2.4)
      react-dom: 19.2.4(react@19.2.4)
      react-highlighter-ts: 2.2.0
      react-modal: 3.14.3(react-dom@19.2.4)(react@19.2.4)
      react-onclickoutside: 6.13.2(react-dom@19.2.4)(react@19.2.4)
      react-required-if: 1.0.3
      react-text-truncate: 0.19.0(react-dom@19.2.4)(react@19.2.4)
      warning: 4.0.3
    dev: false

  /@standard-schema/utils@0.3.0:
    resolution: {integrity: sha512-e7Mew686owMaPJVNNLs55PUvgz371nKgwsc4vxE49zsODpJEnxgxRo2y/OKrqueavXgZNMDVj3DdHFlaSAeU8g==}
    dev: false

  /@types/eslint-scope@3.7.7:
    resolution: {integrity: sha512-MzMFlSLBqNF2gcHWO0G1vP/YQyfvrxZ0bF+u7mzUdZ1/xK4A4sru+nraZz5i3iEIk1l1uyicaDVTB4QbbEkAYg==}
    dependencies:
      '@types/eslint': 9.6.1
      '@types/estree': 1.0.8
    dev: false

  /@types/eslint@9.6.1:
    resolution: {integrity: sha512-FXx2pKgId/WyYo2jXw63kk7/+TY7u7AziEJxJAnSFzHlqTAS3Ync6SvgYAN/k4/PQpnnVuzoMuVnByKK2qp0ag==}
    dependencies:
      '@types/estree': 1.0.8
      '@types/json-schema': 7.0.15
    dev: false

  /@types/estree@1.0.8:
    resolution: {integrity: sha512-dWHzHa2WqEXI/O1E9OjrocMTKJl2mSrEolh1Iomrv6U+JuNwaHXsXx9bLu5gG7BUWFIN0skIQJQ/L1rIex4X6w==}
    dev: false

  /@types/json-schema@7.0.15:
    resolution: {integrity: sha512-5+fP8P8MFNC+AyZCDxrB2pkZFPGzqQWUzpSeuuVLvm8VMcorNYavBqoFcxK8bQz4Qsbn4oUEEem4wDLfcysGHA==}
    dev: false

  /@types/node@25.6.0:
    resolution: {integrity: sha512-+qIYRKdNYJwY3vRCZMdJbPLJAtGjQBudzZzdzwQYkEPQd+PJGixUL5QfvCLDaULoLv+RhT3LDkwEfKaAkgSmNQ==}
    dependencies:
      undici-types: 7.19.2
    dev: false

  /@types/react-dom@19.2.3(@types/react@19.2.14):
    resolution: {integrity: sha512-jp2L/eY6fn+KgVVQAOqYItbF0VY/YApe5Mz2F0aykSO8gx31bYCZyvSeYxCHKvzHG5eZjc+zyaS5BrBWya2+kQ==}
    peerDependencies:
      '@types/react': ^19.2.0
    dependencies:
      '@types/react': 19.2.14
    dev: true

  /@types/react@19.2.14:
    resolution: {integrity: sha512-ilcTH/UniCkMdtexkoCN0bI7pMcJDvmQFPvuPvmEaYA/NSfFTAgdUSLAoVjaRJm7+6PvcM+q1zYOwS4wTYMF9w==}
    dependencies:
      csstype: 3.2.3
    dev: true

  /@webassemblyjs/ast@1.14.1:
    resolution: {integrity: sha512-nuBEDgQfm1ccRp/8bCQrx1frohyufl4JlbMMZ4P1wpeOfDhF6FQkxZJ1b/e+PLwr6X1Nhw6OLme5usuBWYBvuQ==}
    dependencies:
      '@webassemblyjs/helper-numbers': 1.13.2
      '@webassemblyjs/helper-wasm-bytecode': 1.13.2
    dev: false

  /@webassemblyjs/floating-point-hex-parser@1.13.2:
    resolution: {integrity: sha512-6oXyTOzbKxGH4steLbLNOu71Oj+C8Lg34n6CqRvqfS2O71BxY6ByfMDRhBytzknj9yGUPVJ1qIKhRlAwO1AovA==}
    dev: false

  /@webassemblyjs/helper-api-error@1.13.2:
    resolution: {integrity: sha512-U56GMYxy4ZQCbDZd6JuvvNV/WFildOjsaWD3Tzzvmw/mas3cXzRJPMjP83JqEsgSbyrmaGjBfDtV7KDXV9UzFQ==}
    dev: false

  /@webassemblyjs/helper-buffer@1.14.1:
    resolution: {integrity: sha512-jyH7wtcHiKssDtFPRB+iQdxlDf96m0E39yb0k5uJVhFGleZFoNw1c4aeIcVUPPbXUVJ94wwnMOAqUHyzoEPVMA==}
    dev: false

  /@webassemblyjs/helper-numbers@1.13.2:
    resolution: {integrity: sha512-FE8aCmS5Q6eQYcV3gI35O4J789wlQA+7JrqTTpJqn5emA4U2hvwJmvFRC0HODS+3Ye6WioDklgd6scJ3+PLnEA==}
    dependencies:
      '@webassemblyjs/floating-point-hex-parser': 1.13.2
      '@webassemblyjs/helper-api-error': 1.13.2
      '@xtuc/long': 4.2.2
    dev: false

  /@webassemblyjs/helper-wasm-bytecode@1.13.2:
    resolution: {integrity: sha512-3QbLKy93F0EAIXLh0ogEVR6rOubA9AoZ+WRYhNbFyuB70j3dRdwH9g+qXhLAO0kiYGlg3TxDV+I4rQTr/YNXkA==}
    dev: false

  /@webassemblyjs/helper-wasm-section@1.14.1:
    resolution: {integrity: sha512-ds5mXEqTJ6oxRoqjhWDU83OgzAYjwsCV8Lo/N+oRsNDmx/ZDpqalmrtgOMkHwxsG0iI//3BwWAErYRHtgn0dZw==}
    dependencies:
      '@webassemblyjs/ast': 1.14.1
      '@webassemblyjs/helper-buffer': 1.14.1
      '@webassemblyjs/helper-wasm-bytecode': 1.13.2
      '@webassemblyjs/wasm-gen': 1.14.1
    dev: false

  /@webassemblyjs/ieee754@1.13.2:
    resolution: {integrity: sha512-4LtOzh58S/5lX4ITKxnAK2USuNEvpdVV9AlgGQb8rJDHaLeHciwG4zlGr0j/SNWlr7x3vO1lDEsuePvtcDNCkw==}
    dependencies:
      '@xtuc/ieee754': 1.2.0
    dev: false

  /@webassemblyjs/leb128@1.13.2:
    resolution: {integrity: sha512-Lde1oNoIdzVzdkNEAWZ1dZ5orIbff80YPdHx20mrHwHrVNNTjNr8E3xz9BdpcGqRQbAEa+fkrCb+fRFTl/6sQw==}
    dependencies:
      '@xtuc/long': 4.2.2
    dev: false

  /@webassemblyjs/utf8@1.13.2:
    resolution: {integrity: sha512-3NQWGjKTASY1xV5m7Hr0iPeXD9+RDobLll3T9d2AO+g3my8xy5peVyjSag4I50mR1bBSN/Ct12lo+R9tJk0NZQ==}
    dev: false

  /@webassemblyjs/wasm-edit@1.14.1:
    resolution: {integrity: sha512-RNJUIQH/J8iA/1NzlE4N7KtyZNHi3w7at7hDjvRNm5rcUXa00z1vRz3glZoULfJ5mpvYhLybmVcwcjGrC1pRrQ==}
    dependencies:
      '@webassemblyjs/ast': 1.14.1
      '@webassemblyjs/helper-buffer': 1.14.1
      '@webassemblyjs/helper-wasm-bytecode': 1.13.2
      '@webassemblyjs/helper-wasm-section': 1.14.1
      '@webassemblyjs/wasm-gen': 1.14.1
      '@webassemblyjs/wasm-opt': 1.14.1
      '@webassemblyjs/wasm-parser': 1.14.1
      '@webassemblyjs/wast-printer': 1.14.1
    dev: false

  /@webassemblyjs/wasm-gen@1.14.1:
    resolution: {integrity: sha512-AmomSIjP8ZbfGQhumkNvgC33AY7qtMCXnN6bL2u2Js4gVCg8fp735aEiMSBbDR7UQIj90n4wKAFUSEd0QN2Ukg==}
    dependencies:
      '@webassemblyjs/ast': 1.14.1
      '@webassemblyjs/helper-wasm-bytecode': 1.13.2
      '@webassemblyjs/ieee754': 1.13.2
      '@webassemblyjs/leb128': 1.13.2
      '@webassemblyjs/utf8': 1.13.2
    dev: false

  /@webassemblyjs/wasm-opt@1.14.1:
    resolution: {integrity: sha512-PTcKLUNvBqnY2U6E5bdOQcSM+oVP/PmrDY9NzowJjislEjwP/C4an2303MCVS2Mg9d3AJpIGdUFIQQWbPds0Sw==}
    dependencies:
      '@webassemblyjs/ast': 1.14.1
      '@webassemblyjs/helper-buffer': 1.14.1
      '@webassemblyjs/wasm-gen': 1.14.1
      '@webassemblyjs/wasm-parser': 1.14.1
    dev: false

  /@webassemblyjs/wasm-parser@1.14.1:
    resolution: {integrity: sha512-JLBl+KZ0R5qB7mCnud/yyX08jWFw5MsoalJ1pQ4EdFlgj9VdXKGuENGsiCIjegI1W7p91rUlcB/LB5yRJKNTcQ==}
    dependencies:
      '@webassemblyjs/ast': 1.14.1
      '@webassemblyjs/helper-api-error': 1.13.2
      '@webassemblyjs/helper-wasm-bytecode': 1.13.2
      '@webassemblyjs/ieee754': 1.13.2
      '@webassemblyjs/leb128': 1.13.2
      '@webassemblyjs/utf8': 1.13.2
    dev: false

  /@webassemblyjs/wast-printer@1.14.1:
    resolution: {integrity: sha512-kPSSXE6De1XOR820C90RIo2ogvZG+c3KiHzqUoO/F34Y2shGzesfqv7o57xrxovZJH/MetF5UjroJ/R/3isoiw==}
    dependencies:
      '@webassemblyjs/ast': 1.14.1
      '@xtuc/long': 4.2.2
    dev: false

  /@xtuc/ieee754@1.2.0:
    resolution: {integrity: sha512-DX8nKgqcGwsc0eJSqYt5lwP4DH5FlHnmuWWBRy7X0NcaGR0ZtuyeESgMwTYVEtxmsNGY+qit4QYT/MIYTOTPeA==}
    dev: false

  /@xtuc/long@4.2.2:
    resolution: {integrity: sha512-NuHqBY1PB/D8xU6s/thBgOAiAP7HOYDQ32+BFZILJ8ivkUkAHQnWfn6WhL79Owj1qmUnoN/YPhktdIoucipkAQ==}
    dev: false

  /acorn-import-phases@1.0.4(acorn@8.16.0):
    resolution: {integrity: sha512-wKmbr/DDiIXzEOiWrTTUcDm24kQ2vGfZQvM2fwg2vXqR5uW6aapr7ObPtj1th32b9u90/Pf4AItvdTh42fBmVQ==}
    engines: {node: '>=10.13.0'}
    peerDependencies:
      acorn: ^8.14.0
    dependencies:
      acorn: 8.16.0
    dev: false

  /acorn-loose@8.5.2:
    resolution: {integrity: sha512-PPvV6g8UGMGgjrMu+n/f9E/tCSkNQ2Y97eFvuVdJfG11+xdIeDcLyNdC8SHcrHbRqkfwLASdplyR6B6sKM1U4A==}
    engines: {node: '>=0.4.0'}
    dependencies:
      acorn: 8.16.0
    dev: false

  /acorn@8.16.0:
    resolution: {integrity: sha512-UVJyE9MttOsBQIDKw1skb9nAwQuR5wuGD3+82K6JgJlm/Y+KI92oNsMNGZCYdDsVtRHSak0pcV5Dno5+4jh9sw==}
    engines: {node: '>=0.4.0'}
    hasBin: true
    dev: false

  /ajv-formats@2.1.1(ajv@8.18.0):
    resolution: {integrity: sha512-Wx0Kx52hxE7C18hkMEggYlEifqWZtYaRgouJor+WMdPnQyEK13vgEWyVNup7SoeeoLMsr4kf5h6dOW11I15MUA==}
    peerDependencies:
      ajv: ^8.0.0
    peerDependenciesMeta:
      ajv:
        optional: true
    dependencies:
      ajv: 8.18.0
    dev: false

  /ajv-keywords@5.1.0(ajv@8.18.0):
    resolution: {integrity: sha512-YCS/JNFAUyr5vAuhk1DWm1CBxRHW9LbJ2ozWeemrIqpbsqKjHVxYPyi5GC0rjZIT5JxJ3virVTS8wk4i/Z+krw==}
    peerDependencies:
      ajv: ^8.8.2
    dependencies:
      ajv: 8.18.0
      fast-deep-equal: 3.1.3
    dev: false

  /ajv@8.18.0:
    resolution: {integrity: sha512-PlXPeEWMXMZ7sPYOHqmDyCJzcfNrUr3fGNKtezX14ykXOEIvyK81d+qydx89KY5O71FKMPaQ2vBfBFI5NHR63A==}
    dependencies:
      fast-deep-equal: 3.1.3
      fast-uri: 3.1.0
      json-schema-traverse: 1.0.0
      require-from-string: 2.0.2
    dev: false

  /baseline-browser-mapping@2.10.18:
    resolution: {integrity: sha512-VSnGQAOLtP5mib/DPyg2/t+Tlv65NTBz83BJBJvmLVHHuKJVaDOBvJJykiT5TR++em5nfAySPccDZDa4oSrn8A==}
    engines: {node: '>=6.0.0'}
    hasBin: true
    dev: false

  /browserslist@4.28.2:
    resolution: {integrity: sha512-48xSriZYYg+8qXna9kwqjIVzuQxi+KYWp2+5nCYnYKPTr0LvD89Jqk2Or5ogxz0NUMfIjhh2lIUX/LyX9B4oIg==}
    engines: {node: ^6 || ^7 || ^8 || ^9 || ^10 || ^11 || ^12 || >=13.7}
    hasBin: true
    dependencies:
      baseline-browser-mapping: 2.10.18
      caniuse-lite: 1.0.30001787
      electron-to-chromium: 1.5.336
      node-releases: 2.0.37
      update-browserslist-db: 1.2.3(browserslist@4.28.2)
    dev: false

  /buffer-from@1.1.2:
    resolution: {integrity: sha512-E+XQCRwSbaaiChtv6k6Dwgc+bx+Bs6vuKJHHl5kox/BaKbhiXzqQOwK4cO22yElGp2OCmjwVhT3HmxgyPGnJfQ==}
    dev: false

  /caniuse-lite@1.0.30001787:
    resolution: {integrity: sha512-mNcrMN9KeI68u7muanUpEejSLghOKlVhRqS/Za2IeyGllJ9I9otGpR9g3nsw7n4W378TE/LyIteA0+/FOZm4Kg==}
    dev: false

  /chrome-trace-event@1.0.4:
    resolution: {integrity: sha512-rNjApaLzuwaOTjCiT8lSDdGN1APCiqkChLMJxJPWLunPAt5fy8xgU9/jNOchV84wfIxrA0lRQB7oCT8jrn/wrQ==}
    engines: {node: '>=6.0'}
    dev: false

  /classnames@2.5.1:
    resolution: {integrity: sha512-saHYOzhIQs6wy2sVxTM6bUDsQO4F50V9RQ22qBpEdCW+I+/Wmke2HOl6lS6dTpdxVhb88/I6+Hs+438c3lfUow==}
    dev: false

  /column-resizer@1.4.0:
    resolution: {integrity: sha512-KM5Jh/UBKwVUr01oEGN/OvxF6gZIEn4c1Qde4iHSqNru9hxq93ao3u93qb9N1E1TZ2Sxjh4x7OHGe8v/P8FgkA==}
    engines: {node: '>=8.0.0'}
    dependencies:
      string-hash: 1.1.3
    dev: false

  /commander@2.20.3:
    resolution: {integrity: sha512-GpVkmM8vF2vQUkj2LvZmD35JxeJOLCwJ9cUkugyk2nuhbv3+mJvpLYYt+0+USMxE+oj+ey/lJEnhZw75x/OMcQ==}
    dev: false

  /create-react-class@15.7.0:
    resolution: {integrity: sha512-QZv4sFWG9S5RUvkTYWbflxeZX+JG7Cz0Tn33rQBJ+WFQTqTfUTjMjiv9tnfXazjsO5r0KhPs+AqCjyrQX6h2ng==}
    dependencies:
      loose-envify: 1.4.0
      object-assign: 4.1.1
    dev: false

  /csstype@3.2.3:
    resolution: {integrity: sha512-z1HGKcYy2xA8AGQfwrn0PAy+PB7X/GSj3UVJW9qKyn43xWa+gl5nXmU4qqLMRzWVLFC8KusUX8T/0kCiOYpAIQ==}
    dev: true

  /electron-to-chromium@1.5.336:
    resolution: {integrity: sha512-AbH9q9J455r/nLmdNZes0G0ZKcRX73FicwowalLs6ijwOmCJSRRrLX63lcAlzy9ux3dWK1w1+1nsBJEWN11hcQ==}
    dev: false

  /enhanced-resolve@5.20.1:
    resolution: {integrity: sha512-Qohcme7V1inbAfvjItgw0EaxVX5q2rdVEZHRBrEQdRZTssLDGsL8Lwrznl8oQ/6kuTJONLaDcGjkNP247XEhcA==}
    engines: {node: '>=10.13.0'}
    dependencies:
      graceful-fs: 4.2.11
      tapable: 2.3.2
    dev: false

  /es-module-lexer@2.0.0:
    resolution: {integrity: sha512-5POEcUuZybH7IdmGsD8wlf0AI55wMecM9rVBTI/qEAy2c1kTOm3DjFYjrBdI2K3BaJjJYfYFeRtM0t9ssnRuxw==}
    dev: false

  /escalade@3.2.0:
    resolution: {integrity: sha512-WUj2qlxaQtO4g6Pq5c29GTcWGDyd8itL8zTlipgECz3JesAiiOKotd8JU6otB3PACgG6xkJUyVhboMS+bje/jA==}
    engines: {node: '>=6'}
    dev: false

  /eslint-scope@5.1.1:
    resolution: {integrity: sha512-2NxwbF/hZ0KpepYN0cNbo+FN6XoK7GaHlQhgx/hIZl6Va0bF45RQOOwhLIy8lQDbuCiadSLCBnH2CFYquit5bw==}
    engines: {node: '>=8.0.0'}
    dependencies:
      esrecurse: 4.3.0
      estraverse: 4.3.0
    dev: false

  /esrecurse@4.3.0:
    resolution: {integrity: sha512-KmfKL3b6G+RXvP8N1vr3Tq1kL/oCFgn2NYXEtqP8/L3pKapUA4G8cFVaoF3SU323CD4XypR/ffioHmkti6/Tag==}
    engines: {node: '>=4.0'}
    dependencies:
      estraverse: 5.3.0
    dev: false

  /estraverse@4.3.0:
    resolution: {integrity: sha512-39nnKffWz8xN1BU/2c79n9nB9HDzo0niYUqx6xyqUnyoAnQyyWpOTdZEeiCch8BBu515t4wp9ZmgVfVhn9EBpw==}
    engines: {node: '>=4.0'}
    dev: false

  /estraverse@5.3.0:
    resolution: {integrity: sha512-MMdARuVEQziNTeJD8DgMqmhwR11BRQ/cBP+pLtYdSTnf3MIO8fFeiINEbX36ZdNlfU/7A9f3gUw49B3oQsvwBA==}
    engines: {node: '>=4.0'}
    dev: false

  /events@3.3.0:
    resolution: {integrity: sha512-mQw+2fkQbALzQ7V0MY0IqdnXNOeTtP4r0lN9z7AAawCXgqea7bDii20AYrIBrFd/Hx0M2Ocz6S111CaFkUcb0Q==}
    engines: {node: '>=0.8.x'}
    dev: false

  /exenv@1.2.2:
    resolution: {integrity: sha512-Z+ktTxTwv9ILfgKCk32OX3n/doe+OcLTRtqK9pcL+JsP3J1/VW8Uvl4ZjLlKqeW4rzK4oesDOGMEMRIZqtP4Iw==}
    dev: false

  /fast-deep-equal@3.1.3:
    resolution: {integrity: sha512-f3qQ9oQy9j2AhBe/H9VC91wLmKBCCU/gDOnKNAYG5hswO7BLKj09Hc5HYNz9cGI++xlpDCIgDaitVs03ATR84Q==}
    dev: false

  /fast-uri@3.1.0:
    resolution: {integrity: sha512-iPeeDKJSWf4IEOasVVrknXpaBV0IApz/gp7S2bb7Z4Lljbl2MGJRqInZiUrQwV16cpzw/D3S5j5Julj/gT52AA==}
    dev: false

  /glob-to-regexp@0.4.1:
    resolution: {integrity: sha512-lkX1HJXwyMcprw/5YUZc2s7DrpAiHB21/V+E1rHUrVNokkvB6bqMzT0VfV6/86ZNabt1k14YOIaT7nDvOX3Iiw==}
    dev: false

  /graceful-fs@4.2.11:
    resolution: {integrity: sha512-RbJ5/jmFcNNCcDV5o9eTnBLJ/HszWV0P73bc+Ff4nS/rJj+YaS6IGyiOL0VoBYX+l1Wrl3k63h/KrH+nhJ0XvQ==}
    dev: false

  /has-flag@4.0.0:
    resolution: {integrity: sha512-EykJT/Q1KjTWctppgIAgfSO0tKVuZUjhgMr17kqTumMl6Afv3EISleU7qZUzoXDFTAHTDC4NOoG/ZxU3EvlMPQ==}
    engines: {node: '>=8'}
    dev: false

  /jest-worker@27.5.1:
    resolution: {integrity: sha512-7vuh85V5cdDofPyxn58nrPjBktZo0u9x1g8WtjQol+jZDaE+fhN+cIvTj11GndBnMnyfrUOG1sZQxCdjKh+DKg==}
    engines: {node: '>= 10.13.0'}
    dependencies:
      '@types/node': 25.6.0
      merge-stream: 2.0.0
      supports-color: 8.1.1
    dev: false

  /js-tokens@4.0.0:
    resolution: {integrity: sha512-RdJUflcE3cUzKiMqQgsCu06FPu9UdIJO0beYbPhHN4k6apgJtifcoCtT9bcxOpYBtpD2kCM6Sbzg4CausW/PKQ==}
    dev: false

  /json-parse-even-better-errors@2.3.1:
    resolution: {integrity: sha512-xyFwyhro/JEof6Ghe2iz2NcXoj2sloNsWr/XsERDK/oiPCfaNhl5ONfp+jQdAZRQQ0IJWNzH9zIZF7li91kh2w==}
    dev: false

  /json-schema-traverse@1.0.0:
    resolution: {integrity: sha512-NM8/P9n3XjXhIZn1lLhkFaACTOURQXjWhV4BA/RnOv8xvgqtqpAX9IO4mRQxSx1Rlo4tqzeqb0sOlruaOy3dug==}
    dev: false

  /loader-runner@4.3.1:
    resolution: {integrity: sha512-IWqP2SCPhyVFTBtRcgMHdzlf9ul25NwaFx4wCEH/KjAXuuHY4yNjvPXsBokp8jCB936PyWRaPKUNh8NvylLp2Q==}
    engines: {node: '>=6.11.5'}
    dev: false

  /lodash.assign@4.2.0:
    resolution: {integrity: sha512-hFuH8TY+Yji7Eja3mGiuAxBqLagejScbG8GbG0j6o9vzn0YL14My+ktnqtZgFTosKymC9/44wP6s7xyuLfnClw==}
    dev: false

  /lodash.escaperegexp@4.1.2:
    resolution: {integrity: sha512-TM9YBvyC84ZxE3rgfefxUWiQKLilstD6k7PTGt6wfbtXF8ixIJLOL3VYyV/z+ZiPLsVxAsKAFVwWlWeb2Y8Yyw==}
    dev: false

  /lodash.find@4.6.0:
    resolution: {integrity: sha512-yaRZoAV3Xq28F1iafWN1+a0rflOej93l1DQUejs3SZ41h2O9UJBoS9aueGjPDgAl4B6tPC0NuuchLKaDQQ3Isg==}
    dev: false

  /lodash.findindex@4.6.0:
    resolution: {integrity: sha512-9er6Ccz6sEST3bHFtUrCFWk14nE8cdL/RoW1RRDV1BxqN3qsmsT56L14jhfctAqhVPVcdJw4MRxEaVoAK+JVvw==}
    dev: false

  /lodash.isdate@4.0.1:
    resolution: {integrity: sha512-hg5B1GD+R9egsBgMwmAhk+V53Us03TVvXT4dnyKugEfsD4QKuG9Wlyvxq8OGy2nu7qVGsh4DRSnMk33hoWBq/Q==}
    dev: false

  /lodash.isequal@4.5.0:
    resolution: {integrity: sha512-pDo3lu8Jhfjqls6GkMgpahsF9kCyayhgykjyLMNFTKWrpVdAQtYyB4muAMWozBB4ig/dtWAmsMxLEI8wuz+DYQ==}
    deprecated: This package is deprecated. Use require('node:util').isDeepStrictEqual instead.
    dev: false

  /lodash.isfunction@3.0.9:
    resolution: {integrity: sha512-AirXNj15uRIMMPihnkInB4i3NHeb4iBtNg9WRWuK2o31S+ePwwNmDPaTL3o7dTJ+VXNZim7rFs4rxN4YU1oUJw==}
    dev: false

  /lodash.reject@4.6.0:
    resolution: {integrity: sha512-qkTuvgEzYdyhiJBx42YPzPo71R1aEr0z79kAv7Ixg8wPFEjgRgJdUsGMG3Hf3OYSF/kHI79XhNlt+5Ar6OzwxQ==}
    dev: false

  /loose-envify@1.4.0:
    resolution: {integrity: sha512-lyuxPGr/Wfhrlem2CL/UcnUc1zcqKAImBDzukY7Y5F/yQiNdko6+fRLevlw1HgMySw7f611UIY408EtxRSoK3Q==}
    hasBin: true
    dependencies:
      js-tokens: 4.0.0
    dev: false

  /memoize-one@6.0.0:
    resolution: {integrity: sha512-rkpe71W0N0c0Xz6QD0eJETuWAJGnJ9afsl1srmwPrI+yBCkge5EycXXbYRyvL29zZVUWQCY7InPRCv3GDXuZNw==}
    dev: false

  /merge-stream@2.0.0:
    resolution: {integrity: sha512-abv/qOcuPfk3URPfDzmZU1LKmuw8kT+0nIHvKrKgFrwifol/doWcdA4ZqsWQ8ENrFKkd67Mfpo/LovbIUsbt3w==}
    dev: false

  /mime-db@1.52.0:
    resolution: {integrity: sha512-sPU4uV7dYlvtWJxwwxHD0PuihVNiE7TyAbQ5SWxDCB9mUYvOgroQOwYQQOKPJ8CIbE+1ETVlOoK1UC2nU3gYvg==}
    engines: {node: '>= 0.6'}
    dev: false

  /mime-types@2.1.35:
    resolution: {integrity: sha512-ZDY+bPm5zTTF+YpCrAU9nK0UgICYPT0QtT1NZWFv4s++TNkcgVaT0g6+4R2uI4MjQjzysHB1zxuWL50hzaeXiw==}
    engines: {node: '>= 0.6'}
    dependencies:
      mime-db: 1.52.0
    dev: false

  /nanoid@3.3.11:
    resolution: {integrity: sha512-N8SpfPUnUp1bK+PMYW8qSWdl9U+wwNWI4QKxOYDy9JAro3WMX7p2OeVRF9v+347pnakNevPmiHhNmZ2HbFA76w==}
    engines: {node: ^10 || ^12 || ^13.7 || ^14 || >=15.0.1}
    hasBin: true
    dev: false

  /nanoid@5.1.7:
    resolution: {integrity: sha512-ua3NDgISf6jdwezAheMOk4mbE1LXjm1DfMUDMuJf4AqxLFK3ccGpgWizwa5YV7Yz9EpXwEaWoRXSb/BnV0t5dQ==}
    engines: {node: ^18 || >=20}
    hasBin: true
    dev: false

  /neo-async@2.6.2:
    resolution: {integrity: sha512-Yd3UES5mWCSqR+qNT93S3UoYUkqAZ9lLg8a7g9rimsWmYGK8cVToA4/sF3RrshdyV3sAGMXVUmpMYOw+dLpOuw==}
    dev: false

  /node-releases@2.0.37:
    resolution: {integrity: sha512-1h5gKZCF+pO/o3Iqt5Jp7wc9rH3eJJ0+nh/CIoiRwjRxde/hAHyLPXYN4V3CqKAbiZPSeJFSWHmJsbkicta0Eg==}
    dev: false

  /object-assign@4.1.1:
    resolution: {integrity: sha512-rJgTQnkUnH1sFw8yT6VSU3zD3sWmu6sZhIseY8VX+GRu3P6F7Fu+JNDoXfklElbLJSnc3FUQHVe4cU5hj+BcUg==}
    engines: {node: '>=0.10.0'}
    dev: false

  /picocolors@1.1.1:
    resolution: {integrity: sha512-xceH2snhtb5M9liqDsmEw56le376mTZkEX/jEb/RxNFyegNul7eNslCXP9FDj/Lcu0X8KEyMceP2ntpaHrDEVA==}
    dev: false

  /popper.js@1.16.1:
    resolution: {integrity: sha512-Wb4p1J4zyFTbM+u6WuO4XstYx4Ky9Cewe4DWrel7B0w6VVICvPwdOpotjzcf6eD8TsckVnIMNONQyPIUFOUbCQ==}
    deprecated: You can find the new Popper v2 at @popperjs/core, this package is dedicated to the legacy v1
    dev: false

  /postcss@8.5.9:
    resolution: {integrity: sha512-7a70Nsot+EMX9fFU3064K/kdHWZqGVY+BADLyXc8Dfv+mTLLVl6JzJpPaCZ2kQL9gIJvKXSLMHhqdRRjwQeFtw==}
    engines: {node: ^10 || ^12 || >=14}
    dependencies:
      nanoid: 3.3.11
      picocolors: 1.1.1
      source-map-js: 1.2.1
    dev: false

  /prop-types@15.8.1:
    resolution: {integrity: sha512-oj87CgZICdulUohogVAR7AjlC0327U4el4L6eAvOqCeudMDVU0NThNaV+b9Df4dXgSP1gXMTnPdhfe/2qDH5cg==}
    dependencies:
      loose-envify: 1.4.0
      object-assign: 4.1.1
      react-is: 16.13.1
    dev: false

  /react-contenteditable@3.3.7(react@19.2.4):
    resolution: {integrity: sha512-GA9NbC0DkDdpN3iGvib/OMHWTJzDX2cfkgy5Tt98JJAbA3kLnyrNbBIpsSpPpq7T8d3scD39DHP+j8mAM7BIfQ==}
    peerDependencies:
      react: '>=16.3'
    dependencies:
      fast-deep-equal: 3.1.3
      prop-types: 15.8.1
      react: 19.2.4
    dev: false

  /react-dom@19.2.4(react@19.2.4):
    resolution: {integrity: sha512-AXJdLo8kgMbimY95O2aKQqsz2iWi9jMgKJhRBAxECE4IFxfcazB2LmzloIoibJI3C12IlY20+KFaLv+71bUJeQ==}
    peerDependencies:
      react: ^19.2.4
    dependencies:
      react: 19.2.4
      scheduler: 0.27.0
    dev: false

  /react-highlighter-ts@2.2.0:
    resolution: {integrity: sha512-wZgYrOq6bO1O1szjyduvqeiuV1DuZbKb22FvbclXEhyG5rw9vFaJhdO420RwBvDkD4DvFnDLX4hFuAOg0aQkXA==}
    dependencies:
      react: 17.0.2
    dev: false

  /react-hook-form@7.72.1(react@19.2.4):
    resolution: {integrity: sha512-RhwBoy2ygeVZje+C+bwJ8g0NjTdBmDlJvAUHTxRjTmSUKPYsKfMphkS2sgEMotsY03bP358yEYlnUeZy//D9Ig==}
    engines: {node: '>=18.0.0'}
    peerDependencies:
      react: ^16.8.0 || ^17 || ^18 || ^19
    dependencies:
      react: 19.2.4
    dev: false

  /react-is@16.13.1:
    resolution: {integrity: sha512-24e6ynE2H+OKt4kqsOvNd8kBpV65zoxbA4BVsEOB3ARVWQki/DHzaUoC5KuON/BiccDaCCTZBuOcfZs70kR8bQ==}
    dev: false

  /react-lifecycles-compat@3.0.4:
    resolution: {integrity: sha512-fBASbA6LnOU9dOU2eW7aQ8xmYBSXUIWr+UmF9b1efZBazGNO+rcXT/icdKnYm2pTwcRylVUYwW7H1PHfLekVzA==}
    dev: false

  /react-modal@3.14.3(react-dom@19.2.4)(react@19.2.4):
    resolution: {integrity: sha512-+C2KODVKyu20zHXPJxfOOcf571L1u/EpFlH+oS/3YDn8rgVE51QZuxuuIwabJ8ZFnOEHaD+r6XNjqwtxZnXO0g==}
    engines: {node: '>=8'}
    peerDependencies:
      react: ^0.14.0 || ^15.0.0 || ^16 || ^17
      react-dom: ^0.14.0 || ^15.0.0 || ^16 || ^17
    dependencies:
      exenv: 1.2.2
      prop-types: 15.8.1
      react: 19.2.4
      react-dom: 19.2.4(react@19.2.4)
      react-lifecycles-compat: 3.0.4
      warning: 4.0.3
    dev: false

  /react-onclickoutside@6.13.2(react-dom@19.2.4)(react@19.2.4):
    resolution: {integrity: sha512-h6Hbf1c8b7tIYY4u90mDdBLY4+AGQVMFtIE89HgC0DtVCh/JfKl477gYqUtGLmjZBKK3MJxomP/lFiLbz4sq9A==}
    peerDependencies:
      react: ^15.5.x || ^16.x || ^17.x || ^18.x
      react-dom: ^15.5.x || ^16.x || ^17.x || ^18.x
    dependencies:
      react: 19.2.4
      react-dom: 19.2.4(react@19.2.4)
    dev: false

  /react-required-if@1.0.3:
    resolution: {integrity: sha512-MdbG9mGJVA12lV+jvsU/U6D50NrGfkL6Yvy132dLCUioOvDqemtbYAMTn2gIxS6cTVqqC50mL/37t0UosJkgiQ==}
    dev: false

  /react-server-dom-webpack@19.3.0-canary-5e9eedb5-20260312(react-dom@19.2.4)(react@19.2.4)(webpack@5.106.1):
    resolution: {integrity: sha512-dYp9xyCF4KLcFN5Civ7hAS6RZjB0XeTUu0L/JSIkDJ4h2V6jgcLYjlPMeyVUp7SDa4TR2Ue/HeIT967yuG6+Zw==}
    engines: {node: '>=0.10.0'}
    peerDependencies:
      react: 19.3.0-canary-5e9eedb5-20260312
      react-dom: 19.3.0-canary-5e9eedb5-20260312
      webpack: ^5.59.0
    dependencies:
      acorn-loose: 8.5.2
      neo-async: 2.6.2
      react: 19.2.4
      react-dom: 19.2.4(react@19.2.4)
      webpack: 5.106.1
      webpack-sources: 3.3.4
    dev: false

  /react-text-truncate@0.19.0(react-dom@19.2.4)(react@19.2.4):
    resolution: {integrity: sha512-QxHpZABfGG0Z3WEYbRTZ+rXdZn50Zvp+sWZXgVAd7FCKAMzv/kcwctTpNmWgXDTpAoHhMjOVwmgRtX3x5yeF4w==}
    peerDependencies:
      react: ^15.4.1 || ^16.0.0 || ^17.0.0 ||  || ^18.0.0
      react-dom: ^15.4.1 || ^16.0.0 || ^17.0.0 || ^18.0.0
    dependencies:
      prop-types: 15.8.1
      react: 19.2.4
      react-dom: 19.2.4(react@19.2.4)
    dev: false

  /react@17.0.2:
    resolution: {integrity: sha512-gnhPt75i/dq/z3/6q/0asP78D0u592D5L1pd7M8P+dck6Fu/jJeL6iVVK23fptSUZj8Vjf++7wXA8UNclGQcbA==}
    engines: {node: '>=0.10.0'}
    dependencies:
      loose-envify: 1.4.0
      object-assign: 4.1.1
    dev: false

  /react@19.2.4:
    resolution: {integrity: sha512-9nfp2hYpCwOjAN+8TZFGhtWEwgvWHXqESH8qT89AT/lWklpLON22Lc8pEtnpsZz7VmawabSU0gCjnj8aC0euHQ==}
    engines: {node: '>=0.10.0'}
    dev: false

  /require-from-string@2.0.2:
    resolution: {integrity: sha512-Xf0nWe6RseziFMu+Ap9biiUbmplq6S9/p+7w7YXP/JBHhrUDDUhwa+vANyubuqfZWTveU//DYVGsDG7RKL/vEw==}
    engines: {node: '>=0.10.0'}
    dev: false

  /scheduler@0.27.0:
    resolution: {integrity: sha512-eNv+WrVbKu1f3vbYJT/xtiF5syA5HPIMtf9IgY/nKg0sWqzAUEvqY/xm7OcZc/qafLx/iO9FgOmeSAp4v5ti/Q==}
    dev: false

  /schema-utils@4.3.3:
    resolution: {integrity: sha512-eflK8wEtyOE6+hsaRVPxvUKYCpRgzLqDTb8krvAsRIwOGlHoSgYLgBXoubGgLd2fT41/OUYdb48v4k4WWHQurA==}
    engines: {node: '>= 10.13.0'}
    dependencies:
      '@types/json-schema': 7.0.15
      ajv: 8.18.0
      ajv-formats: 2.1.1(ajv@8.18.0)
      ajv-keywords: 5.1.0(ajv@8.18.0)
    dev: false

  /source-map-js@1.2.1:
    resolution: {integrity: sha512-UXWMKhLOwVKb728IUtQPXxfYU+usdybtUrK/8uGE8CQMvrhOpwvzDBwj0QhSL7MQc7vIsISBG8VQ8+IDQxpfQA==}
    engines: {node: '>=0.10.0'}
    dev: false

  /source-map-support@0.5.21:
    resolution: {integrity: sha512-uBHU3L3czsIyYXKX88fdrGovxdSCoTGDRZ6SYXtSRxLZUzHg5P/66Ht6uoUlHu9EZod+inXhKo3qQgwXUT/y1w==}
    dependencies:
      buffer-from: 1.1.2
      source-map: 0.6.1
    dev: false

  /source-map@0.6.1:
    resolution: {integrity: sha512-UjgapumWlbMhkBgzT7Ykc5YXUT46F0iKu8SGXq0bcwP5dz/h0Plj6enJqjz1Zbq2l5WaqYnrVbwWOWMyF3F47g==}
    engines: {node: '>=0.10.0'}
    dev: false

  /string-hash@1.1.3:
    resolution: {integrity: sha512-kJUvRUFK49aub+a7T1nNE66EJbZBMnBgoC1UbCZ5n6bsZKBRga4KgBRTMn/pFkeCZSYtNeSyMxPDM0AXWELk2A==}
    dev: false

  /supports-color@8.1.1:
    resolution: {integrity: sha512-MpUEN2OodtUzxvKQl72cUF7RQ5EiHsGvSsVG0ia9c5RbWGL2CI4C7EpPS8UTBIplnlzZiNuV56w+FuNxy3ty2Q==}
    engines: {node: '>=10'}
    dependencies:
      has-flag: 4.0.0
    dev: false

  /tapable@2.3.2:
    resolution: {integrity: sha512-1MOpMXuhGzGL5TTCZFItxCc0AARf1EZFQkGqMm7ERKj8+Hgr5oLvJOVFcC+lRmR8hCe2S3jC4T5D7Vg/d7/fhA==}
    engines: {node: '>=6'}
    dev: false

  /terser-webpack-plugin@5.4.0(webpack@5.106.1):
    resolution: {integrity: sha512-Bn5vxm48flOIfkdl5CaD2+1CiUVbonWQ3KQPyP7/EuIl9Gbzq/gQFOzaMFUEgVjB1396tcK0SG8XcNJ/2kDH8g==}
    engines: {node: '>= 10.13.0'}
    peerDependencies:
      '@swc/core': '*'
      esbuild: '*'
      uglify-js: '*'
      webpack: ^5.1.0
    peerDependenciesMeta:
      '@swc/core':
        optional: true
      esbuild:
        optional: true
      uglify-js:
        optional: true
    dependencies:
      '@jridgewell/trace-mapping': 0.3.31
      jest-worker: 27.5.1
      schema-utils: 4.3.3
      terser: 5.46.1
      webpack: 5.106.1
    dev: false

  /terser@5.46.1:
    resolution: {integrity: sha512-vzCjQO/rgUuK9sf8VJZvjqiqiHFaZLnOiimmUuOKODxWL8mm/xua7viT7aqX7dgPY60otQjUotzFMmCB4VdmqQ==}
    engines: {node: '>=10'}
    hasBin: true
    dependencies:
      '@jridgewell/source-map': 0.3.11
      acorn: 8.16.0
      commander: 2.20.3
      source-map-support: 0.5.21
    dev: false

  /undici-types@7.19.2:
    resolution: {integrity: sha512-qYVnV5OEm2AW8cJMCpdV20CDyaN3g0AjDlOGf1OW4iaDEx8MwdtChUp4zu4H0VP3nDRF/8RKWH+IPp9uW0YGZg==}
    dev: false

  /update-browserslist-db@1.2.3(browserslist@4.28.2):
    resolution: {integrity: sha512-Js0m9cx+qOgDxo0eMiFGEueWztz+d4+M3rGlmKPT+T4IS/jP4ylw3Nwpu6cpTTP8R1MAC1kF4VbdLt3ARf209w==}
    hasBin: true
    peerDependencies:
      browserslist: '>= 4.21.0'
    dependencies:
      browserslist: 4.28.2
      escalade: 3.2.0
      picocolors: 1.1.1
    dev: false

  /warning@4.0.3:
    resolution: {integrity: sha512-rpJyN222KWIvHJ/F53XSZv0Zl/accqHR8et1kpaMTD/fLCRxtV8iX8czMzY7sVZupTI3zcUTg8eycS2kNF9l6w==}
    dependencies:
      loose-envify: 1.4.0
    dev: false

  /watchpack@2.5.1:
    resolution: {integrity: sha512-Zn5uXdcFNIA1+1Ei5McRd+iRzfhENPCe7LeABkJtNulSxjma+l7ltNx55BWZkRlwRnpOgHqxnjyaDgJnNXnqzg==}
    engines: {node: '>=10.13.0'}
    dependencies:
      glob-to-regexp: 0.4.1
      graceful-fs: 4.2.11
    dev: false

  /webpack-sources@3.3.4:
    resolution: {integrity: sha512-7tP1PdV4vF+lYPnkMR0jMY5/la2ub5Fc/8VQrrU+lXkiM6C4TjVfGw7iKfyhnTQOsD+6Q/iKw0eFciziRgD58Q==}
    engines: {node: '>=10.13.0'}
    dev: false

  /webpack@5.106.1:
    resolution: {integrity: sha512-EW8af29ak8Oaf4T8k8YsajjrDBDYgnKZ5er6ljWFJsXABfTNowQfvHLftwcepVgdz+IoLSdEAbBiM9DFXoll9w==}
    engines: {node: '>=10.13.0'}
    hasBin: true
    peerDependencies:
      webpack-cli: '*'
    peerDependenciesMeta:
      webpack-cli:
        optional: true
    dependencies:
      '@types/eslint-scope': 3.7.7
      '@types/estree': 1.0.8
      '@types/json-schema': 7.0.15
      '@webassemblyjs/ast': 1.14.1
      '@webassemblyjs/wasm-edit': 1.14.1
      '@webassemblyjs/wasm-parser': 1.14.1
      acorn: 8.16.0
      acorn-import-phases: 1.0.4(acorn@8.16.0)
      browserslist: 4.28.2
      chrome-trace-event: 1.0.4
      enhanced-resolve: 5.20.1
      es-module-lexer: 2.0.0
      eslint-scope: 5.1.1
      events: 3.3.0
      glob-to-regexp: 0.4.1
      graceful-fs: 4.2.11
      json-parse-even-better-errors: 2.3.1
      loader-runner: 4.3.1
      mime-types: 2.1.35
      neo-async: 2.6.2
      schema-utils: 4.3.3
      tapable: 2.3.2
      terser-webpack-plugin: 5.4.0(webpack@5.106.1)
      watchpack: 2.5.1
      webpack-sources: 3.3.4
    transitivePeerDependencies:
      - '@swc/core'
      - esbuild
      - uglify-js
    dev: false

  /zod@4.3.6:
    resolution: {integrity: sha512-rftlrkhHZOcjDwkGlnUtZZkvaPHCsDATp4pGpuOOMDaTdDDXF91wuVDJoWoPsKX/3YPQ5fHuF3STjcYyKr+Qhg==}
    dev: false
