lockfileVersion: '6.0'

settings:
  autoInstallPeers: true
  excludeLinksFromLockfile: false

dependencies:
  react:
    specifier: '*'
    version: 19.2.4
  react-dom:
    specifier: '*'
    version: 19.2.4(react@19.2.4)
  react-server-dom-esm:
    specifier: npm:@kentcdodds/tmp-react-server-dom-esm@^19.0.1
    version: /@kentcdodds/tmp-react-server-dom-esm@19.0.1(react-dom@19.2.4)(react@19.2.4)

devDependencies:
  '@types/react':
    specifier: ^19.2.14
    version: 19.2.14
  '@types/react-dom':
    specifier: ^19.2.3
    version: 19.2.3(@types/react@19.2.14)

packages:

  /@kentcdodds/tmp-react-server-dom-esm@19.0.1(react-dom@19.2.4)(react@19.2.4):
    resolution: {integrity: sha512-yg59PoC5BuF71Kx8kTH0qMt30dKG/uz2Gkn5U6OTKw+S3yVnY50Djf4z772cbLSZxAP/tdIh6r5rUWRxlVdRoQ==}
    engines: {node: '>=0.10.0'}
    peerDependencies:
      react: ^19.0.0
      react-dom: ^19.0.0
    dependencies:
      acorn-loose: 8.5.2
      react: 19.2.4
      react-dom: 19.2.4(react@19.2.4)
    dev: false

  /@types/react-dom@19.2.3(@types/react@19.2.14):
    resolution: {integrity: sha512-jp2L/eY6fn+KgVVQAOqYItbF0VY/YApe5Mz2F0aykSO8gx31bYCZyvSeYxCHKvzHG5eZjc+zyaS5BrBWya2+kQ==}
    peerDependencies:
      '@types/react': ^19.2.0
    dependencies:
      '@types/react': 19.2.14
    dev: true

  /@types/react@19.2.14:
    resolution: {integrity: sha512-ilcTH/UniCkMdtexkoCN0bI7pMcJDvmQFPvuPvmEaYA/NSfFTAgdUSLAoVjaRJm7+6PvcM+q1zYOwS4wTYMF9w==}
    dependencies:
      csstype: 3.2.3
    dev: true

  /acorn-loose@8.5.2:
    resolution: {integrity: sha512-PPvV6g8UGMGgjrMu+n/f9E/tCSkNQ2Y97eFvuVdJfG11+xdIeDcLyNdC8SHcrHbRqkfwLASdplyR6B6sKM1U4A==}
    engines: {node: '>=0.4.0'}
    dependencies:
      acorn: 8.16.0
    dev: false

  /acorn@8.16.0:
    resolution: {integrity: sha512-UVJyE9MttOsBQIDKw1skb9nAwQuR5wuGD3+82K6JgJlm/Y+KI92oNsMNGZCYdDsVtRHSak0pcV5Dno5+4jh9sw==}
    engines: {node: '>=0.4.0'}
    hasBin: true
    dev: false

  /csstype@3.2.3:
    resolution: {integrity: sha512-z1HGKcYy2xA8AGQfwrn0PAy+PB7X/GSj3UVJW9qKyn43xWa+gl5nXmU4qqLMRzWVLFC8KusUX8T/0kCiOYpAIQ==}
    dev: true

  /react-dom@19.2.4(react@19.2.4):
    resolution: {integrity: sha512-AXJdLo8kgMbimY95O2aKQqsz2iWi9jMgKJhRBAxECE4IFxfcazB2LmzloIoibJI3C12IlY20+KFaLv+71bUJeQ==}
    peerDependencies:
      react: ^19.2.4
    dependencies:
      react: 19.2.4
      scheduler: 0.27.0
    dev: false

  /react@19.2.4:
    resolution: {integrity: sha512-9nfp2hYpCwOjAN+8TZFGhtWEwgvWHXqESH8qT89AT/lWklpLON22Lc8pEtnpsZz7VmawabSU0gCjnj8aC0euHQ==}
    engines: {node: '>=0.10.0'}
    dev: false

  /scheduler@0.27.0:
    resolution: {integrity: sha512-eNv+WrVbKu1f3vbYJT/xtiF5syA5HPIMtf9IgY/nKg0sWqzAUEvqY/xm7OcZc/qafLx/iO9FgOmeSAp4v5ti/Q==}
    dev: false
